// !$*UTF8*$!
{
	archiveVersion = 1;
	classes = {
	};
	objectVersion = 48;
	objects = {

/* Begin PBXBuildFile section */
		820DCC1B2018C38E00B3874A /* AppDelegate.m in Sources */ = {isa = PBXBuildFile; fileRef = 820DCC1A2018C38E00B3874A /* AppDelegate.m */; };
		820DCC1E2018C38E00B3874A /* ViewController.m in Sources */ = {isa = PBXBuildFile; fileRef = 820DCC1D2018C38E00B3874A /* ViewController.m */; };
		820DCC212018C38E00B3874A /* Main.storyboard in Resources */ = {isa = PBXBuildFile; fileRef = 820DCC1F2018C38E00B3874A /* Main.storyboard */; };
		820DCC232018C38E00B3874A /* Assets.xcassets in Resources */ = {isa = PBXBuildFile; fileRef = 820DCC222018C38E00B3874A /* Assets.xcassets */; };
		820DCC262018C38E00B3874A /* LaunchScreen.storyboard in Resources */ = {isa = PBXBuildFile; fileRef = 820DCC242018C38E00B3874A /* LaunchScreen.storyboard */; };
		820DCC292018C38E00B3874A /* main.m in Sources */ = {isa = PBXBuildFile; fileRef = 820DCC282018C38E00B3874A /* main.m */; };
		820DCC322018C91B00B3874A /* Contacts.framework in Frameworks */ = {isa = PBXBuildFile; fileRef = 820DCC302018C91B00B3874A /* Contacts.framework */; };
		820DCC332018C91B00B3874A /* ContactsUI.framework in Frameworks */ = {isa = PBXBuildFile; fileRef = 820DCC312018C91B00B3874A /* ContactsUI.framework */; };
/* End PBXBuildFile section */

/* Begin PBXFileReference section */
		820DCC162018C38E00B3874A /* KEContactPicker.app */ = {isa = PBXFileReference; explicitFileType = wrapper.application; includeInIndex = 0; path = KEContactPicker.app; sourceTree = BUILT_PRODUCTS_DIR; };
		820DCC192018C38E00B3874A /* AppDelegate.h */ = {isa = PBXFileReference; lastKnownFileType = sourcecode.c.h; path = AppDelegate.h; sourceTree = "<group>"; };
		820DCC1A2018C38E00B3874A /* AppDelegate.m */ = {isa = PBXFileReference; lastKnownFileType = sourcecode.c.objc; path = AppDelegate.m; sourceTree = "<group>"; };
		820DCC1C2018C38E00B3874A /* ViewController.h */ = {isa = PBXFileReference; lastKnownFileType = sourcecode.c.h; path = ViewController.h; sourceTree = "<group>"; };
		820DCC1D2018C38E00B3874A /* ViewController.m */ = {isa = PBXFileReference; lastKnownFileType = sourcecode.c.objc; path = ViewController.m; sourceTree = "<group>"; };
		820DCC202018C38E00B3874A /* Base */ = {isa = PBXFileReference; lastKnownFileType = file.storyboard; name = Base; path = Base.lproj/Main.storyboard; sourceTree = "<group>"; };
		820DCC222018C38E00B3874A /* Assets.xcassets */ = {isa = PBXFileReference; lastKnownFileType = folder.assetcatalog; path = Assets.xcassets; sourceTree = "<group>"; };
		820DCC252018C38E00B3874A /* Base */ = {isa = PBXFileReference; lastKnownFileType = file.storyboard; name = Base; path = Base.lproj/LaunchScreen.storyboard; sourceTree = "<group>"; };
		820DCC272018C38E00B3874A /* Info.plist */ = {isa = PBXFileReference; lastKnownFileType = text.plist.xml; path = Info.plist; sourceTree = "<group>"; };
		820DCC282018C38E00B3874A /* main.m */ = {isa = PBXFileReference; lastKnownFileType = sourcecode.c.objc; path = main.m; sourceTree = "<group>"; };
		820DCC302018C91B00B3874A /* Contacts.framework */ = {isa = PBXFileReference; lastKnownFileType = wrapper.framework; name = Contacts.framework; path = System/Library/Frameworks/Contacts.framework; sourceTree = SDKROOT; };
		820DCC312018C91B00B3874A /* ContactsUI.framework */ = {isa = PBXFileReference; lastKnownFileType = wrapper.framework; name = ContactsUI.framework; path = System/Library/Frameworks/ContactsUI.framework; sourceTree = SDKROOT; };
/* End PBXFileReference section */

/* Begin PBXFrameworksBuildPhase section */
		820DCC132018C38E00B3874A /* Frameworks */ = {
			isa = PBXFrameworksBuildPhase;
			buildActionMask = 2147483647;
			files = (
				820DCC322018C91B00B3874A /* Contacts.framework in Frameworks */,
				820DCC332018C91B00B3874A /* ContactsUI.framework in Frameworks */,
			);
			runOnlyForDeploymentPostprocessing = 0;
		};
/* End PBXFrameworksBuildPhase section */

/* Begin PBXGroup section */
		820DCC0D2018C38E00B3874A = {
			isa = PBXGroup;
			children = (
				820DCC182018C38E00B3874A /* KEContactPicker */,
				820DCC172018C38E00B3874A /* Products */,
				820DCC2F2018C91B00B3874A /* Frameworks */,
			);
			sourceTree = "<group>";
		};
		820DCC172018C38E00B3874A /* Products */ = {
			isa = PBXGroup;
			children = (
				820DCC162018C38E00B3874A /* KEContactPicker.app */,
			);
			name = Products;
			sourceTree = "<group>";
		};
		820DCC182018C38E00B3874A /* KEContactPicker */ = {
			isa = PBXGroup;
			children = (
				820DCC192018C38E00B3874A /* AppDelegate.h */,
				820DCC1A2018C38E00B3874A /* AppDelegate.m */,
				820DCC1C2018C38E00B3874A /* ViewController.h */,
				820DCC1D2018C38E00B3874A /* ViewController.m */,
				820DCC1F2018C38E00B3874A /* Main.storyboard */,
				820DCC222018C38E00B3874A /* Assets.xcassets */,
				820DCC242018C38E00B3874A /* LaunchScreen.storyboard */,
				820DCC272018C38E00B3874A /* Info.plist */,
				820DCC282018C38E00B3874A /* main.m */,
			);
			path = KEContactPicker;
			sourceTree = "<group>";
		};
		820DCC2F2018C91B00B3874A /* Frameworks */ = {
			isa = PBXGroup;
			children = (
				820DCC302018C91B00B3874A /* Contacts.framework */,
				820DCC312018C91B00B3874A /* ContactsUI.framework */,
			);
			name = Frameworks;
			sourceTree = "<group>";
		};
/* End PBXGroup section */

/* Begin PBXNativeTarget section */
		820DCC152018C38E00B3874A /* KEContactPicker */ = {
			isa = PBXNativeTarget;
			buildConfigurationList = 820DCC2C2018C38E00B3874A /* Build configuration list for PBXNativeTarget "KEContactPicker" */;
			buildPhases = (
				820DCC122018C38E00B3874A /* Sources */,
				820DCC132018C38E00B3874A /* Frameworks */,
				820DCC142018C38E00B3874A /* Resources */,
			);
			buildRules = (
			);
			dependencies = (
			);
			name = KEContactPicker;
			productName = KEContactPicker;
			productReference = 820DCC162018C38E00B3874A /* KEContactPicker.app */;
			productType = "com.apple.product-type.application";
		};
/* End PBXNativeTarget section */

/* Begin PBXProject section */
		820DCC0E2018C38E00B3874A /* Project object */ = {
			isa = PBXProject;
			attributes = {
				LastUpgradeCheck = 0920;
				ORGANIZATIONNAME = "Kaan Esin";
				TargetAttributes = {
					820DCC152018C38E00B3874A = {
						CreatedOnToolsVersion = 9.2;
						ProvisioningStyle = Automatic;
					};
				};
			};
			buildConfigurationList = 820DCC112018C38E00B3874A /* Build configuration list for PBXProject "KEContactPicker" */;
			compatibilityVersion = "Xcode 8.0";
			developmentRegion = en;
			hasScannedForEncodings = 0;
			knownRegions = (
				en,
				Base,
			);
			mainGroup = 820DCC0D2018C38E00B3874A;
			productRefGroup = 820DCC172018C38E00B3874A /* Products */;
			projectDirPath = "";
			projectRoot = "";
			targets = (
				820DCC152018C38E00B3874A /* KEContactPicker */,
			);
		};
/* End PBXProject section */

/* Begin PBXResourcesBuildPhase section */
		820DCC142018C38E00B3874A /* Resources */ = {
			isa = PBXResourcesBuildPhase;
			buildActionMask = 2147483647;
			files = (
				820DCC262018C38E00B3874A /* LaunchScreen.storyboard in Resources */,
				820DCC232018C38E00B3874A /* Assets.xcassets in Resources */,
				820DCC212018C38E00B3874A /* Main.storyboard in Resources */,
			);
			runOnlyForDeploymentPostprocessing = 0;
		};
/* End PBXResourcesBuildPhase section */

/* Begin PBXSourcesBuildPhase section */
		820DCC122018C38E00B3874A /* Sources */ = {
			isa = PBXSourcesBuildPhase;
			buildActionMask = 2147483647;
			files = (
				820DCC1E2018C38E00B3874A /* ViewController.m in Sources */,
				820DCC292018C38E00B3874A /* main.m in Sources */,
				820DCC1B2018C38E00B3874A /* AppDelegate.m in Sources */,
			);
			runOnlyForDeploymentPostprocessing = 0;
		};
/* End PBXSourcesBuildPhase section */

/* Begin PBXVariantGroup section */
		820DCC1F2018C38E00B3874A /* Main.storyboard */ = {
			isa = PBXVariantGroup;
			children = (
				820DCC202018C38E00B3874A /* Base */,
			);
			name = Main.storyboard;
			sourceTree = "<group>";
		};
		820DCC242018C38E00B3874A /* LaunchScreen.storyboard */ = {
			isa = PBXVariantGroup;
			children = (
				820DCC252018C38E00B3874A /* Base */,
			);
			name = LaunchScreen.storyboard;
			sourceTree = "<group>";
		};
/* End PBXVariantGroup section */

/* Begin XCBuildConfiguration section */
		820DCC2A2018C38E00B3874A /* Debug */ = {
			isa = XCBuildConfiguration;
			buildSettings = {
				ALWAYS_SEARCH_USER_PATHS = NO;
				CLANG_ANALYZER_NONNULL = YES;
				CLANG_ANALYZER_NUMBER_OBJECT_CONVERSION = YES_AGGRESSIVE;
				CLANG_CXX_LANGUAGE_STANDARD = "gnu++14";
				CLANG_CXX_LIBRARY = "libc++";
				CLANG_ENABLE_MODULES = YES;
				CLANG_ENABLE_OBJC_ARC = YES;
				CLANG_WARN_BLOCK_CAPTURE_AUTORELEASING = YES;
				CLANG_WARN_BOOL_CONVERSION = YES;
				CLANG_WARN_COMMA = YES;
				CLANG_WARN_CONSTANT_CONVERSION = YES;
				CLANG_WARN_DIRECT_OBJC_ISA_USAGE = YES_ERROR;
				CLANG_WARN_DOCUMENTATION_COMMENTS = YES;
				CLANG_WARN_EMPTY_BODY = YES;
				CLANG_WARN_ENUM_CONVERSION = YES;
				CLANG_WARN_INFINITE_RECURSION = YES;
				CLANG_WARN_INT_CONVERSION = YES;
				CLANG_WARN_NON_LITERAL_NULL_CONVERSION = YES;
				CLANG_WARN_OBJC_LITERAL_CONVERSION = YES;
				CLANG_WARN_OBJC_ROOT_CLASS = YES_ERROR;
				CLANG_WARN_RANGE_LOOP_ANALYSIS = YES;
				CLANG_WARN_STRICT_PROTOTYPES = YES;
				CLANG_WARN_SUSPICIOUS_MOVE = YES;
				CLANG_WARN_UNGUARDED_AVAILABILITY = YES_AGGRESSIVE;
				CLANG_WARN_UNREACHABLE_CODE = YES;
				CLANG_WARN__DUPLICATE_METHOD_MATCH = YES;
				CODE_SIGN_IDENTITY = "iPhone Developer";
				COPY_PHASE_STRIP = NO;
				DEBUG_INFORMATION_FORMAT = dwarf;
				ENABLE_STRICT_OBJC_MSGSEND = YES;
				ENABLE_TESTABILITY = YES;
				GCC_C_LANGUAGE_STANDARD = gnu11;
				GCC_DYNAMIC_NO_PIC = NO;
				GCC_NO_COMMON_BLOCKS = YES;
				GCC_OPTIMIZATION_LEVEL = 0;
				GCC_PREPROCESSOR_DEFINITIONS = (
					"DEBUG=1",
					"$(inherited)",
				);
				GCC_WARN_64_TO_32_BIT_CONVERSION = YES;
				GCC_WARN_ABOUT_RETURN_TYPE = YES_ERROR;
				GCC_WARN_UNDECLARED_SELECTOR = YES;
				GCC_WARN_UNINITIALIZED_AUTOS = YES_AGGRESSIVE;
				GCC_WARN_UNUSED_FUNCTION = YES;
				GCC_WARN_UNUSED_VARIABLE = YES;
				IPHONEOS_DEPLOYMENT_TARGET = 11.2;
				MTL_ENABLE_DEBUG_INFO = YES;
				ONLY_ACTIVE_ARCH = YES;
				SDKROOT = iphoneos;
			};
			name = Debug;
		};
		820DCC2B2018C38E00B3874A /* Release */ = {
			isa = XCBuildConfiguration;
			buildSettings = {
				ALWAYS_SEARCH_USER_PATHS = NO;
				CLANG_ANALYZER_NONNULL = YES;
				CLANG_ANALYZER_NUMBER_OBJECT_CONVERSION = YES_AGGRESSIVE;
				CLANG_CXX_LANGUAGE_STANDARD = "gnu++14";
				CLANG_CXX_LIBRARY = "libc++";
				CLANG_ENABLE_MODULES = YES;
				CLANG_ENABLE_OBJC_ARC = YES;
				CLANG_WARN_BLOCK_CAPTURE_AUTORELEASING = YES;
				CLANG_WARN_BOOL_CONVERSION = YES;
				CLANG_WARN_COMMA = YES;
				CLANG_WARN_CONSTANT_CONVERSION = YES;
				CLANG_WARN_DIRECT_OBJC_ISA_USAGE = YES_ERROR;
				CLANG_WARN_DOCUMENTATION_COMMENTS = YES;
				CLANG_WARN_EMPTY_BODY = YES;
				CLANG_WARN_ENUM_CONVERSION = YES;
				CLANG_WARN_INFINITE_RECURSION = YES;
				CLANG_WARN_INT_CONVERSION = YES;
				CLANG_WARN_NON_LITERAL_NULL_CONVERSION = YES;
				CLANG_WARN_OBJC_LITERAL_CONVERSION = YES;
				CLANG_WARN_OBJC_ROOT_CLASS = YES_ERROR;
				CLANG_WARN_RANGE_LOOP_ANALYSIS = YES;
				CLANG_WARN_STRICT_PROTOTYPES = YES;
				CLANG_WARN_SUSPICIOUS_MOVE = YES;
				CLANG_WARN_UNGUARDED_AVAILABILITY = YES_AGGRESSIVE;
				CLANG_WARN_UNREACHABLE_CODE = YES;
				CLANG_WARN__DUPLICATE_METHOD_MATCH = YES;
				CODE_SIGN_IDENTITY = "iPhone Developer";
				COPY_PHASE_STRIP = NO;
				DEBUG_INFORMATION_FORMAT = "dwarf-with-dsym";
				ENABLE_NS_ASSERTIONS = NO;
				ENABLE_STRICT_OBJC_MSGSEND = YES;
				GCC_C_LANGUAGE_STANDARD = gnu11;
				GCC_NO_COMMON_BLOCKS = YES;
				GCC_WARN_64_TO_32_BIT_CONVERSION = YES;
				GCC_WARN_ABOUT_RETURN_TYPE = YES_ERROR;
				GCC_WARN_UNDECLARED_SELECTOR = YES;
				GCC_WARN_UNINITIALIZED_AUTOS = YES_AGGRESSIVE;
				GCC_WARN_UNUSED_FUNCTION = YES;
				GCC_WARN_UNUSED_VARIABLE = YES;
				IPHONEOS_DEPLOYMENT_TARGET = 11.2;
				MTL_ENABLE_DEBUG_INFO = NO;
				SDKROOT = iphoneos;
				VALIDATE_PRODUCT = YES;
			};
			name = Release;
		};
		820DCC2D2018C38E00B3874A /* Debug */ = {
			isa = XCBuildConfiguration;
			buildSettings = {
				ASSETCATALOG_COMPILER_APPICON_NAME = AppIcon;
				CODE_SIGN_STYLE = Automatic;
				INFOPLIST_FILE = KEContactPicker/Info.plist;
				LD_RUNPATH_SEARCH_PATHS = "$(inherited) @executable_path/Frameworks";
				PRODUCT_BUNDLE_IDENTIFIER = com.kesin.KEContactPicker;
				PRODUCT_NAME = "$(TARGET_NAME)";
				TARGETED_DEVICE_FAMILY = "1,2";
			};
			name = Debug;
		};
		820DCC2E2018C38E00B3874A /* Release */ = {
			isa = XCBuildConfiguration;
			buildSettings = {
				ASSETCATALOG_COMPILER_APPICON_NAME = AppIcon;
				CODE_SIGN_STYLE = Automatic;
				INFOPLIST_FILE = KEContactPicker/Info.plist;
				LD_RUNPATH_SEARCH_PATHS = "$(inherited) @executable_path/Frameworks";
				PRODUCT_BUNDLE_IDENTIFIER = com.kesin.KEContactPicker;
				PRODUCT_NAME = "$(TARGET_NAME)";
				TARGETED_DEVICE_FAMILY = "1,2";
			};
			name = Release;
		};
/* End XCBuildConfiguration section */

/* Begin XCConfigurationList section */
		820DCC112018C38E00B3874A /* Build configuration list for PBXProject "KEContactPicker" */ = {
			isa = XCConfigurationList;
			buildConfigurations = (
				820DCC2A2018C38E00B3874A /* Debug */,
				820DCC2B2018C38E00B3874A /* Release */,
			);
			defaultConfigurationIsVisible = 0;
			defaultConfigurationName = Release;
		};
		820DCC2C2018C38E00B3874A /* Build configuration list for PBXNativeTarget "KEContactPicker" */ = {
			isa = XCConfigurationList;
			buildConfigurations = (
				820DCC2D2018C38E00B3874A /* Debug */,
				820DCC2E2018C38E00B3874A /* Release */,
			);
			defaultConfigurationIsVisible = 0;
			defaultConfigurationName = Release;
		};
/* End XCConfigurationList section */
	};
	rootObject = 820DCC0E2018C38E00B3874A /* Project object */;
}
